<?xml version="1.0" encoding="utf-8"?>
<Project ToolsVersion="4.0" xmlns="http://schemas.microsoft.com/developer/msbuild/2003">
  <ItemGroup>
    <Filter Include="src">
      <UniqueIdentifier>{4FC737F1-C7A5-4376-A066-2A32D752A2FF}</UniqueIdentifier>
      <Extensions>cpp;c;cc;cxx;c++;cppm;ixx;def;odl;idl;hpj;bat;asm;asmx</Extensions>
    </Filter>
    <Filter Include="src\core">
      <UniqueIdentifier>{fc14d457-ec22-49ea-bff1-f2d68c2157a6}</UniqueIdentifier>
    </Filter>
    <Filter Include="src\config">
      <UniqueIdentifier>{e7655b30-e5aa-4b46-8e66-9931eb197863}</UniqueIdentifier>
    </Filter>
    <Filter Include="src\site_api">
      <UniqueIdentifier>{a904ef5c-eeb9-436b-a31f-4a5ebe940d81}</UniqueIdentifier>
    </Filter>
  </ItemGroup>
  <ItemGroup>
    <ClCompile Include="src\config\config.cpp">
      <Filter>src\config</Filter>
    </ClCompile>
    <ClCompile Include="src\site_api\site_api.cpp">
      <Filter>src\site_api</Filter>
    </ClCompile>
    <ClCompile Include="src\core\main.cpp">
      <Filter>src\core</Filter>
    </ClCompile>
    <ClCompile Include="src\core\pch.cpp">
      <Filter>src\core</Filter>
    </ClCompile>
  </ItemGroup>
  <ItemGroup>
    <ClInclude Include="src\config\config.hpp">
      <Filter>src\config</Filter>
    </ClInclude>
    <ClInclude Include="src\site_api\site_api.hpp">
      <Filter>src\site_api</Filter>
    </ClInclude>
    <ClInclude Include="src\core\pch.hpp">
      <Filter>src\core</Filter>
    </ClInclude>
    <ClInclude Include="src\core\logs.hpp">
      <Filter>src\core</Filter>
    </ClInclude>
  </ItemGroup>
</Project>